
Microsoft Visual Studio Solution File, Format Version 12.00
# Visual Studio Version 17
VisualStudioVersion = 17.0.31912.275
MinimumVisualStudioVersion = 10.0.40219.1
Project("{9A19103F-16F7-4668-BE54-9A1E7A4F7556}") = "Oje.Web", "Oje.Web\Oje.Web.csproj", "{9663C520-81B3-4EB9-BAD4-708ACA6DC1DF}"
EndProject
Project("{2150E333-8FDC-42A3-9474-1A3956D46DE8}") = "Modules", "Modules", "{2712D46F-E925-4AEC-9729-868D0B20B51E}"
EndProject
Project("{9A19103F-16F7-4668-BE54-9A1E7A4F7556}") = "Oje.AccountService", "Services\Oje.AccountManager\Oje.AccountService.csproj", "{62252546-D2A7-47F8-B006-EBF8C4943DC2}"
EndProject
Project("{9A19103F-16F7-4668-BE54-9A1E7A4F7556}") = "Oje.Infrastructure", "Services\Oje.Infrastructure\Oje.Infrastructure.csproj", "{88C652C3-FD13-44F3-8B77-A262E93D2626}"
EndProject
Project("{9A19103F-16F7-4668-BE54-9A1E7A4F7556}") = "Oje.Section.Core", "Modules\Oje.Section.Core\Oje.Section.Core.csproj", "{ABC7250F-CA41-409D-B0D8-2DCB7A3CFC9B}"
EndProject
Project("{9A19103F-16F7-4668-BE54-9A1E7A4F7556}") = "Oje.Section.Account", "Modules\Oje.Section.Account\Oje.Section.Account.csproj", "{D22A6D36-8A2F-4112-8364-E87AD422BC8D}"
EndProject
Project("{9A19103F-16F7-4668-BE54-9A1E7A4F7556}") = "Oje.Section.BaseData", "Modules\Oje.Section.BaseData\Oje.Section.BaseData.csproj", "{80C3759F-387A-43CF-9528-7C6CCFC00114}"
EndProject
Project("{9A19103F-16F7-4668-BE54-9A1E7A4F7556}") = "Oje.Section.CarBaseData", "Modules\Oje.Section.CarBaseData\Oje.Section.CarBaseData.csproj", "{5DE0D21D-F899-4639-B9F1-16DC1B69DB8D}"
EndProject
Project("{9A19103F-16F7-4668-BE54-9A1E7A4F7556}") = "Oje.Section.CarBodyBaseData", "Modules\Oje.Section.CarBodyBaseData\Oje.Section.CarBodyBaseData.csproj", "{931193D7-DA28-4258-80EC-E7598D670669}"
EndProject
Project("{9A19103F-16F7-4668-BE54-9A1E7A4F7556}") = "Oje.Section.CarThirdBaseData", "Modules\Oje.Section.CarThirdBaseData\Oje.Section.CarThirdBaseData.csproj", "{AC55BEDE-1694-4FE0-A297-DB883FD62F6D}"
EndProject
Project("{9A19103F-16F7-4668-BE54-9A1E7A4F7556}") = "Oje.Section.FireBaseData", "Modules\Oje.Section.FireBaseData\Oje.Section.FireBaseData.csproj", "{BA59BDEB-3CBD-45B1-8A47-A64AF2B61F8B}"
EndProject
Project("{9A19103F-16F7-4668-BE54-9A1E7A4F7556}") = "Oje.Section.InquiryBaseData", "Modules\Oje.Section.InquiryBaseData\Oje.Section.InquiryBaseData.csproj", "{A12E7458-1231-4697-A0A1-05F1B246AE9F}"
EndProject
Project("{9A19103F-16F7-4668-BE54-9A1E7A4F7556}") = "Oje.Section.InsuranceContractBaseData", "Modules\Oje.Section.InsuranceContractBaseData\Oje.Section.InsuranceContractBaseData.csproj", "{5B3F0D09-6EBA-4DD0-95C4-0241250F2469}"
EndProject
Project("{9A19103F-16F7-4668-BE54-9A1E7A4F7556}") = "Oje.Section.ProposalFormBaseData", "Modules\Oje.Section.ProposalFormBaseData\Oje.Section.ProposalFormBaseData.csproj", "{19D06FE0-917C-47D6-81DA-DC9C5766D2DE}"
EndProject
Project("{9A19103F-16F7-4668-BE54-9A1E7A4F7556}") = "Oje.Section.SalesNetworkBaseData", "Modules\Oje.Section.SalesNetworkBaseData\Oje.Section.SalesNetworkBaseData.csproj", "{2156C63B-7434-48E6-93B2-60409B8E5254}"
EndProject
Project("{9A19103F-16F7-4668-BE54-9A1E7A4F7556}") = "Oje.Section.ProposalFilledForm", "Modules\Oje.Section.ProposalFilledForm\Oje.Section.ProposalFilledForm.csproj", "{8C7D1CF0-9125-47C3-B7BC-69C745CB92D1}"
EndProject
Project("{9A19103F-16F7-4668-BE54-9A1E7A4F7556}") = "Oje.ProposalFormService", "Services\Oje.ProposalFormManager\Oje.ProposalFormService.csproj", "{CFAF8CD4-29A1-42C5-89D2-EEB3923F2CDB}"
EndProject
Project("{9A19103F-16F7-4668-BE54-9A1E7A4F7556}") = "Oje.Section.Security", "Modules\Oje.Section.Security\Oje.Section.Security.csproj", "{3DA38C27-791A-4E6D-92D2-8DFA9A4A7543}"
EndProject
Project("{9A19103F-16F7-4668-BE54-9A1E7A4F7556}") = "Oje.Section.ProposalFormInquiries", "Modules\Oje.Section.ProposalFormInquiries\Oje.Section.ProposalFormInquiries.csproj", "{B05ABEB1-A379-40A3-8B79-B720DB816409}"
EndProject
Project("{9A19103F-16F7-4668-BE54-9A1E7A4F7556}") = "Oje.Section.FinancialBaseData", "Modules\Oje.Section.FinancialBaseData\Oje.Section.FinancialBaseData.csproj", "{86C7BE05-5853-4E85-8F8F-2E4B794DE336}"
EndProject
Project("{9A19103F-16F7-4668-BE54-9A1E7A4F7556}") = "Oje.FireInsuranceService", "Services\Oje.FireInsuranceManager\Oje.FireInsuranceService.csproj", "{4ECE8BEB-4D7D-4AAB-AA83-F64BC48C5643}"
EndProject
Project("{9A19103F-16F7-4668-BE54-9A1E7A4F7556}") = "Oje.Section.MessengerBaseData", "Modules\Oje.Section.MessengerBaseData\Oje.Section.MessengerBaseData.csproj", "{30B858F7-A486-4AC4-BDF7-1B8CAC9193C8}"
EndProject
Project("{9A19103F-16F7-4668-BE54-9A1E7A4F7556}") = "Oje.Sms", "Services\Oje.Sms\Oje.Sms.csproj", "{31BDC4A6-C4E7-4192-8B3F-89C08BE1F6D2}"
EndProject
Project("{9A19103F-16F7-4668-BE54-9A1E7A4F7556}") = "Oje.JoinServices", "Services\Oje.JoinServices\Oje.JoinServices.csproj", "{63053277-A074-4406-90D0-222E982DB2F3}"
EndProject
Project("{2150E333-8FDC-42A3-9474-1A3956D46DE8}") = "Workers", "Workers", "{C1723884-F4B8-44A9-AA12-8022348CCDCE}"
EndProject
Project("{9A19103F-16F7-4668-BE54-9A1E7A4F7556}") = "Oje.Worker.Sms", "Workers\Oje.Worker.Sms\Oje.Worker.Sms.csproj", "{4E7A4003-52A2-4CF7-BE6E-5370C0290BBC}"
EndProject
Project("{2150E333-8FDC-42A3-9474-1A3956D46DE8}") = "Services", "Services", "{AB361DD6-2F25-4661-A83D-01151611F20A}"
EndProject
Project("{9A19103F-16F7-4668-BE54-9A1E7A4F7556}") = "Oje.EmailService", "Services\Oje.EmailService\Oje.EmailService.csproj", "{D5F4CDC2-82A3-496A-8ADF-B9DA43102AD8}"
EndProject
Project("{9A19103F-16F7-4668-BE54-9A1E7A4F7556}") = "Oje.Worker.Email", "Workers\Oje.Worker.Email\Oje.Worker.Email.csproj", "{84CF5BC8-CF46-44C0-9F19-0E50A1D22343}"
EndProject
Project("{9A19103F-16F7-4668-BE54-9A1E7A4F7556}") = "Oje.PaymentService", "Services\Oje.PaymentService\Oje.PaymentService.csproj", "{A78BC55C-0FF7-40DE-9338-440CC8190D2B}"
EndProject
Project("{9A19103F-16F7-4668-BE54-9A1E7A4F7556}") = "Oje.FileService", "Services\Oje.FileService\Oje.FileService.csproj", "{6A06AC8B-990B-4262-BCB0-4AB4B3E46B83}"
EndProject
Project("{9A19103F-16F7-4668-BE54-9A1E7A4F7556}") = "Oje.Section.Payment", "Modules\Oje.Section.Payment\Oje.Section.Payment.csproj", "{7ACD9E95-A3AD-48AA-AD50-0A643655D05B}"
EndProject
Project("{9A19103F-16F7-4668-BE54-9A1E7A4F7556}") = "Oje.Section.ProposalFilledFormChartReports", "Modules\Oje.Section.ProposalFilledFormChartReports\Oje.Section.ProposalFilledFormChartReports.csproj", "{D996DAC9-4C9F-4A9E-9C65-D85662744D19}"
EndProject
Project("{9A19103F-16F7-4668-BE54-9A1E7A4F7556}") = "Oje.Section.WebMain", "Modules\Oje.Section.WebMain\Oje.Section.WebMain.csproj", "{2622A771-4EF7-411E-BD13-6B59ACF19C2D}"
EndProject
Project("{9A19103F-16F7-4668-BE54-9A1E7A4F7556}") = "Oje.Section.Blog", "Modules\Oje.Section.Blog\Oje.Section.Blog.csproj", "{CE523C04-1960-425E-AF8C-E35AAA3B0192}"
EndProject
Project("{9A19103F-16F7-4668-BE54-9A1E7A4F7556}") = "Oje.Section.Question", "Modules\Oje.Section.Question\Oje.Section.Question.csproj", "{96B44439-9DCE-4F56-91EC-9957A9A4BCF1}"
EndProject
Project("{9A19103F-16F7-4668-BE54-9A1E7A4F7556}") = "Oje.WebImageFormat", "Services\Oje.WebImageFormat\Oje.WebImageFormat.csproj", "{922D7E3B-2260-437F-89C0-E685822C339A}"
EndProject
Project("{9A19103F-16F7-4668-BE54-9A1E7A4F7556}") = "Oje.Security", "Services\Oje.Security\Oje.Security.csproj", "{4AFA0355-3053-4521-ACC2-A5AA0C852645}"
EndProject
Project("{9A19103F-16F7-4668-BE54-9A1E7A4F7556}") = "Oje.Worker.Firewall", "Workers\Oje.Worker.Firewall\Oje.Worker.Firewall.csproj", "{FCA77596-F226-433E-A86B-A0A1D4F3FC4D}"
EndProject
Project("{9A19103F-16F7-4668-BE54-9A1E7A4F7556}") = "Oje.Section.RegisterForm", "Modules\Oje.Section.RegisterForm\Oje.Section.RegisterForm.csproj", "{F0F3E085-DDFB-49E2-99DC-083A4E578327}"
EndProject
Project("{9A19103F-16F7-4668-BE54-9A1E7A4F7556}") = "Oje.Section.Ticket", "Modules\Oje.Section.Ticket\Oje.Section.Ticket.csproj", "{D2EC2E59-6E4F-4F97-9323-078D74C069BD}"
EndProject
Project("{9A19103F-16F7-4668-BE54-9A1E7A4F7556}") = "Oje.Worker.ExternalNotificationService", "Workers\Oje.Worker.ExternalNotificationService\Oje.Worker.ExternalNotificationService.csproj", "{2E99DFFA-DC5B-4D8F-9D37-DC81A09B24D8}"
EndProject
Global
	GlobalSection(SolutionConfigurationPlatforms) = preSolution
		Debug|Any CPU = Debug|Any CPU
		Release|Any CPU = Release|Any CPU
	EndGlobalSection
	GlobalSection(ProjectConfigurationPlatforms) = postSolution
		{9663C520-81B3-4EB9-BAD4-708ACA6DC1DF}.Debug|Any CPU.ActiveCfg = Debug|Any CPU
		{9663C520-81B3-4EB9-BAD4-708ACA6DC1DF}.Debug|Any CPU.Build.0 = Debug|Any CPU
		{9663C520-81B3-4EB9-BAD4-708ACA6DC1DF}.Release|Any CPU.ActiveCfg = Release|Any CPU
		{9663C520-81B3-4EB9-BAD4-708ACA6DC1DF}.Release|Any CPU.Build.0 = Release|Any CPU
		{62252546-D2A7-47F8-B006-EBF8C4943DC2}.Debug|Any CPU.ActiveCfg = Debug|Any CPU
		{62252546-D2A7-47F8-B006-EBF8C4943DC2}.Debug|Any CPU.Build.0 = Debug|Any CPU
		{62252546-D2A7-47F8-B006-EBF8C4943DC2}.Release|Any CPU.ActiveCfg = Release|Any CPU
		{62252546-D2A7-47F8-B006-EBF8C4943DC2}.Release|Any CPU.Build.0 = Release|Any CPU
		{88C652C3-FD13-44F3-8B77-A262E93D2626}.Debug|Any CPU.ActiveCfg = Debug|Any CPU
		{88C652C3-FD13-44F3-8B77-A262E93D2626}.Debug|Any CPU.Build.0 = Debug|Any CPU
		{88C652C3-FD13-44F3-8B77-A262E93D2626}.Release|Any CPU.ActiveCfg = Release|Any CPU
		{88C652C3-FD13-44F3-8B77-A262E93D2626}.Release|Any CPU.Build.0 = Release|Any CPU
		{ABC7250F-CA41-409D-B0D8-2DCB7A3CFC9B}.Debug|Any CPU.ActiveCfg = Debug|Any CPU
		{ABC7250F-CA41-409D-B0D8-2DCB7A3CFC9B}.Debug|Any CPU.Build.0 = Debug|Any CPU
		{ABC7250F-CA41-409D-B0D8-2DCB7A3CFC9B}.Release|Any CPU.ActiveCfg = Release|Any CPU
		{ABC7250F-CA41-409D-B0D8-2DCB7A3CFC9B}.Release|Any CPU.Build.0 = Release|Any CPU
		{D22A6D36-8A2F-4112-8364-E87AD422BC8D}.Debug|Any CPU.ActiveCfg = Debug|Any CPU
		{D22A6D36-8A2F-4112-8364-E87AD422BC8D}.Debug|Any CPU.Build.0 = Debug|Any CPU
		{D22A6D36-8A2F-4112-8364-E87AD422BC8D}.Release|Any CPU.ActiveCfg = Release|Any CPU
		{D22A6D36-8A2F-4112-8364-E87AD422BC8D}.Release|Any CPU.Build.0 = Release|Any CPU
		{80C3759F-387A-43CF-9528-7C6CCFC00114}.Debug|Any CPU.ActiveCfg = Debug|Any CPU
		{80C3759F-387A-43CF-9528-7C6CCFC00114}.Debug|Any CPU.Build.0 = Debug|Any CPU
		{80C3759F-387A-43CF-9528-7C6CCFC00114}.Release|Any CPU.ActiveCfg = Release|Any CPU
		{80C3759F-387A-43CF-9528-7C6CCFC00114}.Release|Any CPU.Build.0 = Release|Any CPU
		{5DE0D21D-F899-4639-B9F1-16DC1B69DB8D}.Debug|Any CPU.ActiveCfg = Debug|Any CPU
		{5DE0D21D-F899-4639-B9F1-16DC1B69DB8D}.Debug|Any CPU.Build.0 = Debug|Any CPU
		{5DE0D21D-F899-4639-B9F1-16DC1B69DB8D}.Release|Any CPU.ActiveCfg = Release|Any CPU
		{5DE0D21D-F899-4639-B9F1-16DC1B69DB8D}.Release|Any CPU.Build.0 = Release|Any CPU
		{931193D7-DA28-4258-80EC-E7598D670669}.Debug|Any CPU.ActiveCfg = Debug|Any CPU
		{931193D7-DA28-4258-80EC-E7598D670669}.Debug|Any CPU.Build.0 = Debug|Any CPU
		{931193D7-DA28-4258-80EC-E7598D670669}.Release|Any CPU.ActiveCfg = Release|Any CPU
		{931193D7-DA28-4258-80EC-E7598D670669}.Release|Any CPU.Build.0 = Release|Any CPU
		{AC55BEDE-1694-4FE0-A297-DB883FD62F6D}.Debug|Any CPU.ActiveCfg = Debug|Any CPU
		{AC55BEDE-1694-4FE0-A297-DB883FD62F6D}.Debug|Any CPU.Build.0 = Debug|Any CPU
		{AC55BEDE-1694-4FE0-A297-DB883FD62F6D}.Release|Any CPU.ActiveCfg = Release|Any CPU
		{AC55BEDE-1694-4FE0-A297-DB883FD62F6D}.Release|Any CPU.Build.0 = Release|Any CPU
		{BA59BDEB-3CBD-45B1-8A47-A64AF2B61F8B}.Debug|Any CPU.ActiveCfg = Debug|Any CPU
		{BA59BDEB-3CBD-45B1-8A47-A64AF2B61F8B}.Debug|Any CPU.Build.0 = Debug|Any CPU
		{BA59BDEB-3CBD-45B1-8A47-A64AF2B61F8B}.Release|Any CPU.ActiveCfg = Release|Any CPU
		{BA59BDEB-3CBD-45B1-8A47-A64AF2B61F8B}.Release|Any CPU.Build.0 = Release|Any CPU
		{A12E7458-1231-4697-A0A1-05F1B246AE9F}.Debug|Any CPU.ActiveCfg = Debug|Any CPU
		{A12E7458-1231-4697-A0A1-05F1B246AE9F}.Debug|Any CPU.Build.0 = Debug|Any CPU
		{A12E7458-1231-4697-A0A1-05F1B246AE9F}.Release|Any CPU.ActiveCfg = Release|Any CPU
		{A12E7458-1231-4697-A0A1-05F1B246AE9F}.Release|Any CPU.Build.0 = Release|Any CPU
		{5B3F0D09-6EBA-4DD0-95C4-0241250F2469}.Debug|Any CPU.ActiveCfg = Debug|Any CPU
		{5B3F0D09-6EBA-4DD0-95C4-0241250F2469}.Debug|Any CPU.Build.0 = Debug|Any CPU
		{5B3F0D09-6EBA-4DD0-95C4-0241250F2469}.Release|Any CPU.ActiveCfg = Release|Any CPU
		{5B3F0D09-6EBA-4DD0-95C4-0241250F2469}.Release|Any CPU.Build.0 = Release|Any CPU
		{19D06FE0-917C-47D6-81DA-DC9C5766D2DE}.Debug|Any CPU.ActiveCfg = Debug|Any CPU
		{19D06FE0-917C-47D6-81DA-DC9C5766D2DE}.Debug|Any CPU.Build.0 = Debug|Any CPU
		{19D06FE0-917C-47D6-81DA-DC9C5766D2DE}.Release|Any CPU.ActiveCfg = Release|Any CPU
		{19D06FE0-917C-47D6-81DA-DC9C5766D2DE}.Release|Any CPU.Build.0 = Release|Any CPU
		{2156C63B-7434-48E6-93B2-60409B8E5254}.Debug|Any CPU.ActiveCfg = Debug|Any CPU
		{2156C63B-7434-48E6-93B2-60409B8E5254}.Debug|Any CPU.Build.0 = Debug|Any CPU
		{2156C63B-7434-48E6-93B2-60409B8E5254}.Release|Any CPU.ActiveCfg = Release|Any CPU
		{2156C63B-7434-48E6-93B2-60409B8E5254}.Release|Any CPU.Build.0 = Release|Any CPU
		{8C7D1CF0-9125-47C3-B7BC-69C745CB92D1}.Debug|Any CPU.ActiveCfg = Debug|Any CPU
		{8C7D1CF0-9125-47C3-B7BC-69C745CB92D1}.Debug|Any CPU.Build.0 = Debug|Any CPU
		{8C7D1CF0-9125-47C3-B7BC-69C745CB92D1}.Release|Any CPU.ActiveCfg = Release|Any CPU
		{8C7D1CF0-9125-47C3-B7BC-69C745CB92D1}.Release|Any CPU.Build.0 = Release|Any CPU
		{CFAF8CD4-29A1-42C5-89D2-EEB3923F2CDB}.Debug|Any CPU.ActiveCfg = Debug|Any CPU
		{CFAF8CD4-29A1-42C5-89D2-EEB3923F2CDB}.Debug|Any CPU.Build.0 = Debug|Any CPU
		{CFAF8CD4-29A1-42C5-89D2-EEB3923F2CDB}.Release|Any CPU.ActiveCfg = Release|Any CPU
		{CFAF8CD4-29A1-42C5-89D2-EEB3923F2CDB}.Release|Any CPU.Build.0 = Release|Any CPU
		{3DA38C27-791A-4E6D-92D2-8DFA9A4A7543}.Debug|Any CPU.ActiveCfg = Debug|Any CPU
		{3DA38C27-791A-4E6D-92D2-8DFA9A4A7543}.Debug|Any CPU.Build.0 = Debug|Any CPU
		{3DA38C27-791A-4E6D-92D2-8DFA9A4A7543}.Release|Any CPU.ActiveCfg = Release|Any CPU
		{3DA38C27-791A-4E6D-92D2-8DFA9A4A7543}.Release|Any CPU.Build.0 = Release|Any CPU
		{B05ABEB1-A379-40A3-8B79-B720DB816409}.Debug|Any CPU.ActiveCfg = Debug|Any CPU
		{B05ABEB1-A379-40A3-8B79-B720DB816409}.Debug|Any CPU.Build.0 = Debug|Any CPU
		{B05ABEB1-A379-40A3-8B79-B720DB816409}.Release|Any CPU.ActiveCfg = Release|Any CPU
		{B05ABEB1-A379-40A3-8B79-B720DB816409}.Release|Any CPU.Build.0 = Release|Any CPU
		{86C7BE05-5853-4E85-8F8F-2E4B794DE336}.Debug|Any CPU.ActiveCfg = Debug|Any CPU
		{86C7BE05-5853-4E85-8F8F-2E4B794DE336}.Debug|Any CPU.Build.0 = Debug|Any CPU
		{86C7BE05-5853-4E85-8F8F-2E4B794DE336}.Release|Any CPU.ActiveCfg = Release|Any CPU
		{86C7BE05-5853-4E85-8F8F-2E4B794DE336}.Release|Any CPU.Build.0 = Release|Any CPU
		{4ECE8BEB-4D7D-4AAB-AA83-F64BC48C5643}.Debug|Any CPU.ActiveCfg = Debug|Any CPU
		{4ECE8BEB-4D7D-4AAB-AA83-F64BC48C5643}.Debug|Any CPU.Build.0 = Debug|Any CPU
		{4ECE8BEB-4D7D-4AAB-AA83-F64BC48C5643}.Release|Any CPU.ActiveCfg = Release|Any CPU
		{4ECE8BEB-4D7D-4AAB-AA83-F64BC48C5643}.Release|Any CPU.Build.0 = Release|Any CPU
		{30B858F7-A486-4AC4-BDF7-1B8CAC9193C8}.Debug|Any CPU.ActiveCfg = Debug|Any CPU
		{30B858F7-A486-4AC4-BDF7-1B8CAC9193C8}.Debug|Any CPU.Build.0 = Debug|Any CPU
		{30B858F7-A486-4AC4-BDF7-1B8CAC9193C8}.Release|Any CPU.ActiveCfg = Release|Any CPU
		{30B858F7-A486-4AC4-BDF7-1B8CAC9193C8}.Release|Any CPU.Build.0 = Release|Any CPU
		{31BDC4A6-C4E7-4192-8B3F-89C08BE1F6D2}.Debug|Any CPU.ActiveCfg = Debug|Any CPU
		{31BDC4A6-C4E7-4192-8B3F-89C08BE1F6D2}.Debug|Any CPU.Build.0 = Debug|Any CPU
		{31BDC4A6-C4E7-4192-8B3F-89C08BE1F6D2}.Release|Any CPU.ActiveCfg = Release|Any CPU
		{31BDC4A6-C4E7-4192-8B3F-89C08BE1F6D2}.Release|Any CPU.Build.0 = Release|Any CPU
		{63053277-A074-4406-90D0-222E982DB2F3}.Debug|Any CPU.ActiveCfg = Debug|Any CPU
		{63053277-A074-4406-90D0-222E982DB2F3}.Debug|Any CPU.Build.0 = Debug|Any CPU
		{63053277-A074-4406-90D0-222E982DB2F3}.Release|Any CPU.ActiveCfg = Release|Any CPU
		{63053277-A074-4406-90D0-222E982DB2F3}.Release|Any CPU.Build.0 = Release|Any CPU
		{4E7A4003-52A2-4CF7-BE6E-5370C0290BBC}.Debug|Any CPU.ActiveCfg = Debug|Any CPU
		{4E7A4003-52A2-4CF7-BE6E-5370C0290BBC}.Debug|Any CPU.Build.0 = Debug|Any CPU
		{4E7A4003-52A2-4CF7-BE6E-5370C0290BBC}.Release|Any CPU.ActiveCfg = Release|Any CPU
		{4E7A4003-52A2-4CF7-BE6E-5370C0290BBC}.Release|Any CPU.Build.0 = Release|Any CPU
		{D5F4CDC2-82A3-496A-8ADF-B9DA43102AD8}.Debug|Any CPU.ActiveCfg = Debug|Any CPU
		{D5F4CDC2-82A3-496A-8ADF-B9DA43102AD8}.Debug|Any CPU.Build.0 = Debug|Any CPU
		{D5F4CDC2-82A3-496A-8ADF-B9DA43102AD8}.Release|Any CPU.ActiveCfg = Release|Any CPU
		{D5F4CDC2-82A3-496A-8ADF-B9DA43102AD8}.Release|Any CPU.Build.0 = Release|Any CPU
		{84CF5BC8-CF46-44C0-9F19-0E50A1D22343}.Debug|Any CPU.ActiveCfg = Debug|Any CPU
		{84CF5BC8-CF46-44C0-9F19-0E50A1D22343}.Debug|Any CPU.Build.0 = Debug|Any CPU
		{84CF5BC8-CF46-44C0-9F19-0E50A1D22343}.Release|Any CPU.ActiveCfg = Release|Any CPU
		{84CF5BC8-CF46-44C0-9F19-0E50A1D22343}.Release|Any CPU.Build.0 = Release|Any CPU
		{A78BC55C-0FF7-40DE-9338-440CC8190D2B}.Debug|Any CPU.ActiveCfg = Debug|Any CPU
		{A78BC55C-0FF7-40DE-9338-440CC8190D2B}.Debug|Any CPU.Build.0 = Debug|Any CPU
		{A78BC55C-0FF7-40DE-9338-440CC8190D2B}.Release|Any CPU.ActiveCfg = Release|Any CPU
		{A78BC55C-0FF7-40DE-9338-440CC8190D2B}.Release|Any CPU.Build.0 = Release|Any CPU
		{6A06AC8B-990B-4262-BCB0-4AB4B3E46B83}.Debug|Any CPU.ActiveCfg = Debug|Any CPU
		{6A06AC8B-990B-4262-BCB0-4AB4B3E46B83}.Debug|Any CPU.Build.0 = Debug|Any CPU
		{6A06AC8B-990B-4262-BCB0-4AB4B3E46B83}.Release|Any CPU.ActiveCfg = Release|Any CPU
		{6A06AC8B-990B-4262-BCB0-4AB4B3E46B83}.Release|Any CPU.Build.0 = Release|Any CPU
		{7ACD9E95-A3AD-48AA-AD50-0A643655D05B}.Debug|Any CPU.ActiveCfg = Debug|Any CPU
		{7ACD9E95-A3AD-48AA-AD50-0A643655D05B}.Debug|Any CPU.Build.0 = Debug|Any CPU
		{7ACD9E95-A3AD-48AA-AD50-0A643655D05B}.Release|Any CPU.ActiveCfg = Release|Any CPU
		{7ACD9E95-A3AD-48AA-AD50-0A643655D05B}.Release|Any CPU.Build.0 = Release|Any CPU
		{D996DAC9-4C9F-4A9E-9C65-D85662744D19}.Debug|Any CPU.ActiveCfg = Debug|Any CPU
		{D996DAC9-4C9F-4A9E-9C65-D85662744D19}.Debug|Any CPU.Build.0 = Debug|Any CPU
		{D996DAC9-4C9F-4A9E-9C65-D85662744D19}.Release|Any CPU.ActiveCfg = Release|Any CPU
		{D996DAC9-4C9F-4A9E-9C65-D85662744D19}.Release|Any CPU.Build.0 = Release|Any CPU
		{2622A771-4EF7-411E-BD13-6B59ACF19C2D}.Debug|Any CPU.ActiveCfg = Debug|Any CPU
		{2622A771-4EF7-411E-BD13-6B59ACF19C2D}.Debug|Any CPU.Build.0 = Debug|Any CPU
		{2622A771-4EF7-411E-BD13-6B59ACF19C2D}.Release|Any CPU.ActiveCfg = Release|Any CPU
		{2622A771-4EF7-411E-BD13-6B59ACF19C2D}.Release|Any CPU.Build.0 = Release|Any CPU
		{CE523C04-1960-425E-AF8C-E35AAA3B0192}.Debug|Any CPU.ActiveCfg = Debug|Any CPU
		{CE523C04-1960-425E-AF8C-E35AAA3B0192}.Debug|Any CPU.Build.0 = Debug|Any CPU
		{CE523C04-1960-425E-AF8C-E35AAA3B0192}.Release|Any CPU.ActiveCfg = Release|Any CPU
		{CE523C04-1960-425E-AF8C-E35AAA3B0192}.Release|Any CPU.Build.0 = Release|Any CPU
		{96B44439-9DCE-4F56-91EC-9957A9A4BCF1}.Debug|Any CPU.ActiveCfg = Debug|Any CPU
		{96B44439-9DCE-4F56-91EC-9957A9A4BCF1}.Debug|Any CPU.Build.0 = Debug|Any CPU
		{96B44439-9DCE-4F56-91EC-9957A9A4BCF1}.Release|Any CPU.ActiveCfg = Release|Any CPU
		{96B44439-9DCE-4F56-91EC-9957A9A4BCF1}.Release|Any CPU.Build.0 = Release|Any CPU
		{922D7E3B-2260-437F-89C0-E685822C339A}.Debug|Any CPU.ActiveCfg = Debug|Any CPU
		{922D7E3B-2260-437F-89C0-E685822C339A}.Debug|Any CPU.Build.0 = Debug|Any CPU
		{922D7E3B-2260-437F-89C0-E685822C339A}.Release|Any CPU.ActiveCfg = Release|Any CPU
		{922D7E3B-2260-437F-89C0-E685822C339A}.Release|Any CPU.Build.0 = Release|Any CPU
		{4AFA0355-3053-4521-ACC2-A5AA0C852645}.Debug|Any CPU.ActiveCfg = Debug|Any CPU
		{4AFA0355-3053-4521-ACC2-A5AA0C852645}.Debug|Any CPU.Build.0 = Debug|Any CPU
		{4AFA0355-3053-4521-ACC2-A5AA0C852645}.Release|Any CPU.ActiveCfg = Release|Any CPU
		{4AFA0355-3053-4521-ACC2-A5AA0C852645}.Release|Any CPU.Build.0 = Release|Any CPU
		{FCA77596-F226-433E-A86B-A0A1D4F3FC4D}.Debug|Any CPU.ActiveCfg = Debug|Any CPU
		{FCA77596-F226-433E-A86B-A0A1D4F3FC4D}.Debug|Any CPU.Build.0 = Debug|Any CPU
		{FCA77596-F226-433E-A86B-A0A1D4F3FC4D}.Release|Any CPU.ActiveCfg = Release|Any CPU
		{FCA77596-F226-433E-A86B-A0A1D4F3FC4D}.Release|Any CPU.Build.0 = Release|Any CPU
		{F0F3E085-DDFB-49E2-99DC-083A4E578327}.Debug|Any CPU.ActiveCfg = Debug|Any CPU
		{F0F3E085-DDFB-49E2-99DC-083A4E578327}.Debug|Any CPU.Build.0 = Debug|Any CPU
		{F0F3E085-DDFB-49E2-99DC-083A4E578327}.Release|Any CPU.ActiveCfg = Release|Any CPU
		{F0F3E085-DDFB-49E2-99DC-083A4E578327}.Release|Any CPU.Build.0 = Release|Any CPU
		{D2EC2E59-6E4F-4F97-9323-078D74C069BD}.Debug|Any CPU.ActiveCfg = Debug|Any CPU
		{D2EC2E59-6E4F-4F97-9323-078D74C069BD}.Debug|Any CPU.Build.0 = Debug|Any CPU
		{D2EC2E59-6E4F-4F97-9323-078D74C069BD}.Release|Any CPU.ActiveCfg = Release|Any CPU
		{D2EC2E59-6E4F-4F97-9323-078D74C069BD}.Release|Any CPU.Build.0 = Release|Any CPU
		{2E99DFFA-DC5B-4D8F-9D37-DC81A09B24D8}.Debug|Any CPU.ActiveCfg = Debug|Any CPU
		{2E99DFFA-DC5B-4D8F-9D37-DC81A09B24D8}.Debug|Any CPU.Build.0 = Debug|Any CPU
		{2E99DFFA-DC5B-4D8F-9D37-DC81A09B24D8}.Release|Any CPU.ActiveCfg = Release|Any CPU
		{2E99DFFA-DC5B-4D8F-9D37-DC81A09B24D8}.Release|Any CPU.Build.0 = Release|Any CPU
	EndGlobalSection
	GlobalSection(SolutionProperties) = preSolution
		HideSolutionNode = FALSE
	EndGlobalSection
	GlobalSection(NestedProjects) = preSolution
		{62252546-D2A7-47F8-B006-EBF8C4943DC2} = {AB361DD6-2F25-4661-A83D-01151611F20A}
		{88C652C3-FD13-44F3-8B77-A262E93D2626} = {AB361DD6-2F25-4661-A83D-01151611F20A}
		{ABC7250F-CA41-409D-B0D8-2DCB7A3CFC9B} = {2712D46F-E925-4AEC-9729-868D0B20B51E}
		{D22A6D36-8A2F-4112-8364-E87AD422BC8D} = {2712D46F-E925-4AEC-9729-868D0B20B51E}
		{80C3759F-387A-43CF-9528-7C6CCFC00114} = {2712D46F-E925-4AEC-9729-868D0B20B51E}
		{5DE0D21D-F899-4639-B9F1-16DC1B69DB8D} = {2712D46F-E925-4AEC-9729-868D0B20B51E}
		{931193D7-DA28-4258-80EC-E7598D670669} = {2712D46F-E925-4AEC-9729-868D0B20B51E}
		{AC55BEDE-1694-4FE0-A297-DB883FD62F6D} = {2712D46F-E925-4AEC-9729-868D0B20B51E}
		{BA59BDEB-3CBD-45B1-8A47-A64AF2B61F8B} = {2712D46F-E925-4AEC-9729-868D0B20B51E}
		{A12E7458-1231-4697-A0A1-05F1B246AE9F} = {2712D46F-E925-4AEC-9729-868D0B20B51E}
		{5B3F0D09-6EBA-4DD0-95C4-0241250F2469} = {2712D46F-E925-4AEC-9729-868D0B20B51E}
		{19D06FE0-917C-47D6-81DA-DC9C5766D2DE} = {2712D46F-E925-4AEC-9729-868D0B20B51E}
		{2156C63B-7434-48E6-93B2-60409B8E5254} = {2712D46F-E925-4AEC-9729-868D0B20B51E}
		{8C7D1CF0-9125-47C3-B7BC-69C745CB92D1} = {2712D46F-E925-4AEC-9729-868D0B20B51E}
		{CFAF8CD4-29A1-42C5-89D2-EEB3923F2CDB} = {AB361DD6-2F25-4661-A83D-01151611F20A}
		{3DA38C27-791A-4E6D-92D2-8DFA9A4A7543} = {2712D46F-E925-4AEC-9729-868D0B20B51E}
		{B05ABEB1-A379-40A3-8B79-B720DB816409} = {2712D46F-E925-4AEC-9729-868D0B20B51E}
		{86C7BE05-5853-4E85-8F8F-2E4B794DE336} = {2712D46F-E925-4AEC-9729-868D0B20B51E}
		{4ECE8BEB-4D7D-4AAB-AA83-F64BC48C5643} = {AB361DD6-2F25-4661-A83D-01151611F20A}
		{30B858F7-A486-4AC4-BDF7-1B8CAC9193C8} = {2712D46F-E925-4AEC-9729-868D0B20B51E}
		{31BDC4A6-C4E7-4192-8B3F-89C08BE1F6D2} = {AB361DD6-2F25-4661-A83D-01151611F20A}
		{63053277-A074-4406-90D0-222E982DB2F3} = {AB361DD6-2F25-4661-A83D-01151611F20A}
		{4E7A4003-52A2-4CF7-BE6E-5370C0290BBC} = {C1723884-F4B8-44A9-AA12-8022348CCDCE}
		{D5F4CDC2-82A3-496A-8ADF-B9DA43102AD8} = {AB361DD6-2F25-4661-A83D-01151611F20A}
		{84CF5BC8-CF46-44C0-9F19-0E50A1D22343} = {C1723884-F4B8-44A9-AA12-8022348CCDCE}
		{A78BC55C-0FF7-40DE-9338-440CC8190D2B} = {AB361DD6-2F25-4661-A83D-01151611F20A}
		{6A06AC8B-990B-4262-BCB0-4AB4B3E46B83} = {AB361DD6-2F25-4661-A83D-01151611F20A}
		{7ACD9E95-A3AD-48AA-AD50-0A643655D05B} = {2712D46F-E925-4AEC-9729-868D0B20B51E}
		{D996DAC9-4C9F-4A9E-9C65-D85662744D19} = {2712D46F-E925-4AEC-9729-868D0B20B51E}
		{2622A771-4EF7-411E-BD13-6B59ACF19C2D} = {2712D46F-E925-4AEC-9729-868D0B20B51E}
		{CE523C04-1960-425E-AF8C-E35AAA3B0192} = {2712D46F-E925-4AEC-9729-868D0B20B51E}
		{96B44439-9DCE-4F56-91EC-9957A9A4BCF1} = {2712D46F-E925-4AEC-9729-868D0B20B51E}
		{922D7E3B-2260-437F-89C0-E685822C339A} = {AB361DD6-2F25-4661-A83D-01151611F20A}
		{4AFA0355-3053-4521-ACC2-A5AA0C852645} = {AB361DD6-2F25-4661-A83D-01151611F20A}
		{FCA77596-F226-433E-A86B-A0A1D4F3FC4D} = {C1723884-F4B8-44A9-AA12-8022348CCDCE}
		{F0F3E085-DDFB-49E2-99DC-083A4E578327} = {2712D46F-E925-4AEC-9729-868D0B20B51E}
		{D2EC2E59-6E4F-4F97-9323-078D74C069BD} = {2712D46F-E925-4AEC-9729-868D0B20B51E}
		{2E99DFFA-DC5B-4D8F-9D37-DC81A09B24D8} = {C1723884-F4B8-44A9-AA12-8022348CCDCE}
	EndGlobalSection
	GlobalSection(ExtensibilityGlobals) = postSolution
		SolutionGuid = {5BEE9DD2-169F-4F13-842E-FBA0D3C46071}
	EndGlobalSection
EndGlobal
